
Microsoft Visual Studio Solution File, Format Version 12.00
Project("{FAE04EC0-301F-11D3-BF4B-00C04F79EFBC}") = "Lacuna.WebApi", "Lacuna.WebApi\Lacuna.WebApi.csproj", "{D22A0993-0AE9-404D-B08F-EBF1A1BA14D7}"
EndProject
Global
	GlobalSection(SolutionConfigurationPlatforms) = preSolution
		Debug|Any CPU = Debug|Any CPU
		Release|Any CPU = Release|Any CPU
	EndGlobalSection
	GlobalSection(ProjectConfigurationPlatforms) = postSolution
		{D22A0993-0AE9-404D-B08F-EBF1A1BA14D7}.Debug|Any CPU.ActiveCfg = Debug|Any CPU
		{D22A0993-0AE9-404D-B08F-EBF1A1BA14D7}.Debug|Any CPU.Build.0 = Debug|Any CPU
		{D22A0993-0AE9-404D-B08F-EBF1A1BA14D7}.Release|Any CPU.ActiveCfg = Release|Any CPU
		{D22A0993-0AE9-404D-B08F-EBF1A1BA14D7}.Release|Any CPU.Build.0 = Release|Any CPU
	EndGlobalSection
EndGlobal
