
Microsoft Visual Studio Solution File, Format Version 12.00
Project("{FAE04EC0-301F-11D3-BF4B-00C04F79EFBC}") = "Lacuna.WebApi", "Lacuna.WebApi\Lacuna.WebApi.csproj", "{D22A0993-0AE9-404D-B08F-EBF1A1BA14D7}"
EndProject
Project("{2150E333-8FDC-42A3-9474-1A3956D46DE8}") = "src", "src", "{A8D9A6A2-BB94-4837-88A1-C9517A7FCDA7}"
EndProject
Project("{2150E333-8FDC-42A3-9474-1A3956D46DE8}") = "tests", "tests", "{0085728C-4600-4611-B529-F321D71C7688}"
EndProject
Project("{FAE04EC0-301F-11D3-BF4B-00C04F79EFBC}") = "Lacuna.Domain", "Lacuna.Domain\Lacuna.Domain.csproj", "{32D003F9-4129-4293-9463-804BB1D004FE}"
EndProject
Project("{FAE04EC0-301F-11D3-BF4B-00C04F79EFBC}") = "Lacuna.Infrastructure", "Lacuna.Infrastructure\Lacuna.Infrastructure.csproj", "{7321109C-1CCC-4CE1-84B1-65562765ABB7}"
EndProject
Project("{FAE04EC0-301F-11D3-BF4B-00C04F79EFBC}") = "Lacuna.IoC", "Lacuna.IoC\Lacuna.IoC.csproj", "{1F5B295D-AC2A-4654-92C4-F48763C6630B}"
EndProject
Project("{FAE04EC0-301F-11D3-BF4B-00C04F79EFBC}") = "Lacuna.Application", "Lacuna.Application\Lacuna.Application.csproj", "{61500FD1-27B5-485C-9121-5DA200C1CB09}"
EndProject
Project("{FAE04EC0-301F-11D3-BF4B-00C04F79EFBC}") = "Unit.Domain.Tests", "Unit.Domain.Tests\Unit.Domain.Tests.csproj", "{0105E7A8-8343-4CF5-ACA7-794940B7BDDB}"
EndProject
Project("{FAE04EC0-301F-11D3-BF4B-00C04F79EFBC}") = "Unit.Infrastructure.Tests", "Unit.Infrastructure.Tests\Unit.Infrastructure.Tests.csproj", "{BAA9DC34-7483-4D64-865E-962E66E37612}"
EndProject
Project("{FAE04EC0-301F-11D3-BF4B-00C04F79EFBC}") = "Unit.Application.Tests", "Unit.Application.Tests\Unit.Application.Tests.csproj", "{BCE78D0D-233E-4C41-A891-73ACDBE62A9B}"
EndProject
Project("{FAE04EC0-301F-11D3-BF4B-00C04F79EFBC}") = "Integration.Application.Tests", "Integration.Application.Tests\Integration.Application.Tests.csproj", "{2BE5AE8E-44EB-473C-A09D-9574BA713201}"
EndProject
Global
	GlobalSection(SolutionConfigurationPlatforms) = preSolution
		Debug|Any CPU = Debug|Any CPU
		Release|Any CPU = Release|Any CPU
	EndGlobalSection
	GlobalSection(ProjectConfigurationPlatforms) = postSolution
		{D22A0993-0AE9-404D-B08F-EBF1A1BA14D7}.Debug|Any CPU.ActiveCfg = Debug|Any CPU
		{D22A0993-0AE9-404D-B08F-EBF1A1BA14D7}.Debug|Any CPU.Build.0 = Debug|Any CPU
		{D22A0993-0AE9-404D-B08F-EBF1A1BA14D7}.Release|Any CPU.ActiveCfg = Release|Any CPU
		{D22A0993-0AE9-404D-B08F-EBF1A1BA14D7}.Release|Any CPU.Build.0 = Release|Any CPU
		{D22A0993-0AE9-404D-B08F-EBF1A1BA14D7}.Debug|Any CPU.Deploy.0 = Debug|Any CPU
		{D22A0993-0AE9-404D-B08F-EBF1A1BA14D7}.Release|Any CPU.Deploy.0 = Release|Any CPU
		{32D003F9-4129-4293-9463-804BB1D004FE}.Debug|Any CPU.ActiveCfg = Debug|Any CPU
		{32D003F9-4129-4293-9463-804BB1D004FE}.Debug|Any CPU.Build.0 = Debug|Any CPU
		{32D003F9-4129-4293-9463-804BB1D004FE}.Release|Any CPU.ActiveCfg = Release|Any CPU
		{32D003F9-4129-4293-9463-804BB1D004FE}.Release|Any CPU.Build.0 = Release|Any CPU
		{32D003F9-4129-4293-9463-804BB1D004FE}.Debug|Any CPU.Deploy.0 = Debug|Any CPU
		{32D003F9-4129-4293-9463-804BB1D004FE}.Release|Any CPU.Deploy.0 = Release|Any CPU
		{7321109C-1CCC-4CE1-84B1-65562765ABB7}.Debug|Any CPU.ActiveCfg = Debug|Any CPU
		{7321109C-1CCC-4CE1-84B1-65562765ABB7}.Debug|Any CPU.Build.0 = Debug|Any CPU
		{7321109C-1CCC-4CE1-84B1-65562765ABB7}.Release|Any CPU.ActiveCfg = Release|Any CPU
		{7321109C-1CCC-4CE1-84B1-65562765ABB7}.Release|Any CPU.Build.0 = Release|Any CPU
		{7321109C-1CCC-4CE1-84B1-65562765ABB7}.Debug|Any CPU.Deploy.0 = Debug|Any CPU
		{7321109C-1CCC-4CE1-84B1-65562765ABB7}.Release|Any CPU.Deploy.0 = Release|Any CPU
		{1F5B295D-AC2A-4654-92C4-F48763C6630B}.Debug|Any CPU.ActiveCfg = Debug|Any CPU
		{1F5B295D-AC2A-4654-92C4-F48763C6630B}.Debug|Any CPU.Build.0 = Debug|Any CPU
		{1F5B295D-AC2A-4654-92C4-F48763C6630B}.Release|Any CPU.ActiveCfg = Release|Any CPU
		{1F5B295D-AC2A-4654-92C4-F48763C6630B}.Release|Any CPU.Build.0 = Release|Any CPU
		{1F5B295D-AC2A-4654-92C4-F48763C6630B}.Debug|Any CPU.Deploy.0 = Debug|Any CPU
		{1F5B295D-AC2A-4654-92C4-F48763C6630B}.Release|Any CPU.Deploy.0 = Release|Any CPU
		{61500FD1-27B5-485C-9121-5DA200C1CB09}.Debug|Any CPU.ActiveCfg = Debug|Any CPU
		{61500FD1-27B5-485C-9121-5DA200C1CB09}.Debug|Any CPU.Build.0 = Debug|Any CPU
		{61500FD1-27B5-485C-9121-5DA200C1CB09}.Release|Any CPU.ActiveCfg = Release|Any CPU
		{61500FD1-27B5-485C-9121-5DA200C1CB09}.Release|Any CPU.Build.0 = Release|Any CPU
		{61500FD1-27B5-485C-9121-5DA200C1CB09}.Debug|Any CPU.Deploy.0 = Debug|Any CPU
		{61500FD1-27B5-485C-9121-5DA200C1CB09}.Release|Any CPU.Deploy.0 = Release|Any CPU
		{0105E7A8-8343-4CF5-ACA7-794940B7BDDB}.Debug|Any CPU.ActiveCfg = Debug|Any CPU
		{0105E7A8-8343-4CF5-ACA7-794940B7BDDB}.Debug|Any CPU.Build.0 = Debug|Any CPU
		{0105E7A8-8343-4CF5-ACA7-794940B7BDDB}.Release|Any CPU.ActiveCfg = Release|Any CPU
		{0105E7A8-8343-4CF5-ACA7-794940B7BDDB}.Release|Any CPU.Build.0 = Release|Any CPU
		{0105E7A8-8343-4CF5-ACA7-794940B7BDDB}.Debug|Any CPU.Deploy.0 = Debug|Any CPU
		{0105E7A8-8343-4CF5-ACA7-794940B7BDDB}.Release|Any CPU.Deploy.0 = Release|Any CPU
		{BAA9DC34-7483-4D64-865E-962E66E37612}.Debug|Any CPU.ActiveCfg = Debug|Any CPU
		{BAA9DC34-7483-4D64-865E-962E66E37612}.Debug|Any CPU.Build.0 = Debug|Any CPU
		{BAA9DC34-7483-4D64-865E-962E66E37612}.Release|Any CPU.ActiveCfg = Release|Any CPU
		{BAA9DC34-7483-4D64-865E-962E66E37612}.Release|Any CPU.Build.0 = Release|Any CPU
		{BAA9DC34-7483-4D64-865E-962E66E37612}.Debug|Any CPU.Deploy.0 = Debug|Any CPU
		{BAA9DC34-7483-4D64-865E-962E66E37612}.Release|Any CPU.Deploy.0 = Release|Any CPU
		{BCE78D0D-233E-4C41-A891-73ACDBE62A9B}.Debug|Any CPU.ActiveCfg = Debug|Any CPU
		{BCE78D0D-233E-4C41-A891-73ACDBE62A9B}.Debug|Any CPU.Build.0 = Debug|Any CPU
		{BCE78D0D-233E-4C41-A891-73ACDBE62A9B}.Release|Any CPU.ActiveCfg = Release|Any CPU
		{BCE78D0D-233E-4C41-A891-73ACDBE62A9B}.Release|Any CPU.Build.0 = Release|Any CPU
		{2BE5AE8E-44EB-473C-A09D-9574BA713201}.Debug|Any CPU.ActiveCfg = Debug|Any CPU
		{2BE5AE8E-44EB-473C-A09D-9574BA713201}.Debug|Any CPU.Build.0 = Debug|Any CPU
		{2BE5AE8E-44EB-473C-A09D-9574BA713201}.Release|Any CPU.ActiveCfg = Release|Any CPU
		{2BE5AE8E-44EB-473C-A09D-9574BA713201}.Release|Any CPU.Build.0 = Release|Any CPU
	EndGlobalSection
	GlobalSection(NestedProjects) = preSolution
		{D22A0993-0AE9-404D-B08F-EBF1A1BA14D7} = {A8D9A6A2-BB94-4837-88A1-C9517A7FCDA7}
		{32D003F9-4129-4293-9463-804BB1D004FE} = {A8D9A6A2-BB94-4837-88A1-C9517A7FCDA7}
		{7321109C-1CCC-4CE1-84B1-65562765ABB7} = {A8D9A6A2-BB94-4837-88A1-C9517A7FCDA7}
		{1F5B295D-AC2A-4654-92C4-F48763C6630B} = {A8D9A6A2-BB94-4837-88A1-C9517A7FCDA7}
		{61500FD1-27B5-485C-9121-5DA200C1CB09} = {A8D9A6A2-BB94-4837-88A1-C9517A7FCDA7}
		{0105E7A8-8343-4CF5-ACA7-794940B7BDDB} = {0085728C-4600-4611-B529-F321D71C7688}
		{BAA9DC34-7483-4D64-865E-962E66E37612} = {0085728C-4600-4611-B529-F321D71C7688}
		{BCE78D0D-233E-4C41-A891-73ACDBE62A9B} = {0085728C-4600-4611-B529-F321D71C7688}
		{2BE5AE8E-44EB-473C-A09D-9574BA713201} = {0085728C-4600-4611-B529-F321D71C7688}
	EndGlobalSection
EndGlobal
